
Microsoft Visual Studio Solution File, Format Version 12.00
# Visual Studio 2015
Project("{FAE04EC0-301F-11D3-BF4B-00C04F79EFBC}") = "d", "d.csproj", "{44685C37-5707-E80F-BC73-FC42010E54DA}"
EndProject
Global
	GlobalSection(SolutionConfigurationPlatforms) = preSolution
		Debug|Any CPU = Debug|Any CPU
		Release|Any CPU = Release|Any CPU
	EndGlobalSection
	GlobalSection(ProjectConfigurationPlatforms) = postSolution
		{44685C37-5707-E80F-BC73-FC42010E54DA}.Debug|Any CPU.ActiveCfg = Debug|Any CPU
		{44685C37-5707-E80F-BC73-FC42010E54DA}.Debug|Any CPU.Build.0 = Debug|Any CPU
		{44685C37-5707-E80F-BC73-FC42010E54DA}.Release|Any CPU.ActiveCfg = Release|Any CPU
		{44685C37-5707-E80F-BC73-FC42010E54DA}.Release|Any CPU.Build.0 = Release|Any CPU
	EndGlobalSection
	GlobalSection(SolutionProperties) = preSolution
		HideSolutionNode = FALSE
	EndGlobalSection
EndGlobal
